// !$*UTF8*$!
{
	archiveVersion = 1;
	classes = {
	};
	objectVersion = 48;
	objects = {

/* Begin PBXBuildFile section */
		004F92D06E56E78E0AB38464 /* Pods_nfl_mock_draftTests.framework in Frameworks */ = {isa = PBXBuildFile; fileRef = CB954A59A62CECE4B93CE3BC /* Pods_nfl_mock_draftTests.framework */; };
		837D61E71E10C11A00284A39 /* AppDelegate.swift in Sources */ = {isa = PBXBuildFile; fileRef = 837D61E61E10C11A00284A39 /* AppDelegate.swift */; };
		837D61E91E10C11A00284A39 /* FirstViewController.swift in Sources */ = {isa = PBXBuildFile; fileRef = 837D61E81E10C11A00284A39 /* FirstViewController.swift */; };
		837D61EB1E10C11A00284A39 /* SecondViewController.swift in Sources */ = {isa = PBXBuildFile; fileRef = 837D61EA1E10C11A00284A39 /* SecondViewController.swift */; };
		837D61EE1E10C11A00284A39 /* Main.storyboard in Resources */ = {isa = PBXBuildFile; fileRef = 837D61EC1E10C11A00284A39 /* Main.storyboard */; };
		837D61F01E10C11A00284A39 /* Assets.xcassets in Resources */ = {isa = PBXBuildFile; fileRef = 837D61EF1E10C11A00284A39 /* Assets.xcassets */; };
		837D61F31E10C11A00284A39 /* LaunchScreen.storyboard in Resources */ = {isa = PBXBuildFile; fileRef = 837D61F11E10C11A00284A39 /* LaunchScreen.storyboard */; };
		837D61FE1E10C11A00284A39 /* nfl_mock_draftTests.swift in Sources */ = {isa = PBXBuildFile; fileRef = 837D61FD1E10C11A00284A39 /* nfl_mock_draftTests.swift */; };
		837D62091E10C11A00284A39 /* nfl_mock_draftUITests.swift in Sources */ = {isa = PBXBuildFile; fileRef = 837D62081E10C11A00284A39 /* nfl_mock_draftUITests.swift */; };
		837D62171E10C46200284A39 /* GoogleService-Info.plist in Resources */ = {isa = PBXBuildFile; fileRef = 837D62161E10C46200284A39 /* GoogleService-Info.plist */; };
		837D62191E10C7B500284A39 /* Podfile in Resources */ = {isa = PBXBuildFile; fileRef = 837D62181E10C7B500284A39 /* Podfile */; };
		83CDADD11E10CA42002EB7B4 /* GoogleService-Info.plist in Resources */ = {isa = PBXBuildFile; fileRef = 837D62161E10C46200284A39 /* GoogleService-Info.plist */; };
		83CDADD21E10CA44002EB7B4 /* GoogleService-Info.plist in Resources */ = {isa = PBXBuildFile; fileRef = 837D62161E10C46200284A39 /* GoogleService-Info.plist */; };
		A077349DECAC24616E1F02B9 /* Pods_nfl_mock_draft.framework in Frameworks */ = {isa = PBXBuildFile; fileRef = E8D90E0E00329DA8316C38BD /* Pods_nfl_mock_draft.framework */; };
		D59B79AD8907479AC545D4CF /* Pods_nfl_mock_draftUITests.framework in Frameworks */ = {isa = PBXBuildFile; fileRef = A6394E4DD752C60AEA7DD8B3 /* Pods_nfl_mock_draftUITests.framework */; };
/* End PBXBuildFile section */

/* Begin PBXContainerItemProxy section */
		837D61FA1E10C11A00284A39 /* PBXContainerItemProxy */ = {
			isa = PBXContainerItemProxy;
			containerPortal = 837D61DB1E10C11A00284A39 /* Project object */;
			proxyType = 1;
			remoteGlobalIDString = 837D61E21E10C11A00284A39;
			remoteInfo = "nfl-mock-draft";
		};
		837D62051E10C11A00284A39 /* PBXContainerItemProxy */ = {
			isa = PBXContainerItemProxy;
			containerPortal = 837D61DB1E10C11A00284A39 /* Project object */;
			proxyType = 1;
			remoteGlobalIDString = 837D61E21E10C11A00284A39;
			remoteInfo = "nfl-mock-draft";
		};
/* End PBXContainerItemProxy section */

/* Begin PBXFileReference section */
		47C418F9BD4461CABBBCAF39 /* Pods-nfl-mock-draftUITests.debug.xcconfig */ = {isa = PBXFileReference; includeInIndex = 1; lastKnownFileType = text.xcconfig; name = "Pods-nfl-mock-draftUITests.debug.xcconfig"; path = "Pods/Target Support Files/Pods-nfl-mock-draftUITests/Pods-nfl-mock-draftUITests.debug.xcconfig"; sourceTree = "<group>"; };
		512C029DEA0B4E0C5F08DD32 /* Pods-nfl-mock-draft.debug.xcconfig */ = {isa = PBXFileReference; includeInIndex = 1; lastKnownFileType = text.xcconfig; name = "Pods-nfl-mock-draft.debug.xcconfig"; path = "Pods/Target Support Files/Pods-nfl-mock-draft/Pods-nfl-mock-draft.debug.xcconfig"; sourceTree = "<group>"; };
		7BD9D8EA275130A1284CC13E /* Pods-nfl-mock-draft.release.xcconfig */ = {isa = PBXFileReference; includeInIndex = 1; lastKnownFileType = text.xcconfig; name = "Pods-nfl-mock-draft.release.xcconfig"; path = "Pods/Target Support Files/Pods-nfl-mock-draft/Pods-nfl-mock-draft.release.xcconfig"; sourceTree = "<group>"; };
		837D61E31E10C11A00284A39 /* nfl-mock-draft.app */ = {isa = PBXFileReference; explicitFileType = wrapper.application; includeInIndex = 0; path = "nfl-mock-draft.app"; sourceTree = BUILT_PRODUCTS_DIR; };
		837D61E61E10C11A00284A39 /* AppDelegate.swift */ = {isa = PBXFileReference; lastKnownFileType = sourcecode.swift; path = AppDelegate.swift; sourceTree = "<group>"; };
		837D61E81E10C11A00284A39 /* FirstViewController.swift */ = {isa = PBXFileReference; lastKnownFileType = sourcecode.swift; path = FirstViewController.swift; sourceTree = "<group>"; };
		837D61EA1E10C11A00284A39 /* SecondViewController.swift */ = {isa = PBXFileReference; lastKnownFileType = sourcecode.swift; path = SecondViewController.swift; sourceTree = "<group>"; };
		837D61ED1E10C11A00284A39 /* Base */ = {isa = PBXFileReference; lastKnownFileType = file.storyboard; name = Base; path = Base.lproj/Main.storyboard; sourceTree = "<group>"; };
		837D61EF1E10C11A00284A39 /* Assets.xcassets */ = {isa = PBXFileReference; lastKnownFileType = folder.assetcatalog; path = Assets.xcassets; sourceTree = "<group>"; };
		837D61F21E10C11A00284A39 /* Base */ = {isa = PBXFileReference; lastKnownFileType = file.storyboard; name = Base; path = Base.lproj/LaunchScreen.storyboard; sourceTree = "<group>"; };
		837D61F41E10C11A00284A39 /* Info.plist */ = {isa = PBXFileReference; lastKnownFileType = text.plist.xml; path = Info.plist; sourceTree = "<group>"; };
		837D61F91E10C11A00284A39 /* nfl-mock-draftTests.xctest */ = {isa = PBXFileReference; explicitFileType = wrapper.cfbundle; includeInIndex = 0; path = "nfl-mock-draftTests.xctest"; sourceTree = BUILT_PRODUCTS_DIR; };
		837D61FD1E10C11A00284A39 /* nfl_mock_draftTests.swift */ = {isa = PBXFileReference; lastKnownFileType = sourcecode.swift; path = nfl_mock_draftTests.swift; sourceTree = "<group>"; };
		837D61FF1E10C11A00284A39 /* Info.plist */ = {isa = PBXFileReference; lastKnownFileType = text.plist.xml; path = Info.plist; sourceTree = "<group>"; };
		837D62041E10C11A00284A39 /* nfl-mock-draftUITests.xctest */ = {isa = PBXFileReference; explicitFileType = wrapper.cfbundle; includeInIndex = 0; path = "nfl-mock-draftUITests.xctest"; sourceTree = BUILT_PRODUCTS_DIR; };
		837D62081E10C11A00284A39 /* nfl_mock_draftUITests.swift */ = {isa = PBXFileReference; lastKnownFileType = sourcecode.swift; path = nfl_mock_draftUITests.swift; sourceTree = "<group>"; };
		837D620A1E10C11A00284A39 /* Info.plist */ = {isa = PBXFileReference; lastKnownFileType = text.plist.xml; path = Info.plist; sourceTree = "<group>"; };
		837D62161E10C46200284A39 /* GoogleService-Info.plist */ = {isa = PBXFileReference; fileEncoding = 4; lastKnownFileType = text.plist.xml; path = "GoogleService-Info.plist"; sourceTree = "<group>"; };
		837D62181E10C7B500284A39 /* Podfile */ = {isa = PBXFileReference; fileEncoding = 4; lastKnownFileType = text; path = Podfile; sourceTree = "<group>"; xcLanguageSpecificationIdentifier = xcode.lang.ruby; };
		A6394E4DD752C60AEA7DD8B3 /* Pods_nfl_mock_draftUITests.framework */ = {isa = PBXFileReference; explicitFileType = wrapper.framework; includeInIndex = 0; path = Pods_nfl_mock_draftUITests.framework; sourceTree = BUILT_PRODUCTS_DIR; };
		B365ACD63C4B8AFF5AAAC4A1 /* Pods-nfl-mock-draftTests.release.xcconfig */ = {isa = PBXFileReference; includeInIndex = 1; lastKnownFileType = text.xcconfig; name = "Pods-nfl-mock-draftTests.release.xcconfig"; path = "Pods/Target Support Files/Pods-nfl-mock-draftTests/Pods-nfl-mock-draftTests.release.xcconfig"; sourceTree = "<group>"; };
		B7BAF779665ECC525309AE3E /* Pods-nfl-mock-draftUITests.release.xcconfig */ = {isa = PBXFileReference; includeInIndex = 1; lastKnownFileType = text.xcconfig; name = "Pods-nfl-mock-draftUITests.release.xcconfig"; path = "Pods/Target Support Files/Pods-nfl-mock-draftUITests/Pods-nfl-mock-draftUITests.release.xcconfig"; sourceTree = "<group>"; };
		CB954A59A62CECE4B93CE3BC /* Pods_nfl_mock_draftTests.framework */ = {isa = PBXFileReference; explicitFileType = wrapper.framework; includeInIndex = 0; path = Pods_nfl_mock_draftTests.framework; sourceTree = BUILT_PRODUCTS_DIR; };
		E8D90E0E00329DA8316C38BD /* Pods_nfl_mock_draft.framework */ = {isa = PBXFileReference; explicitFileType = wrapper.framework; includeInIndex = 0; path = Pods_nfl_mock_draft.framework; sourceTree = BUILT_PRODUCTS_DIR; };
		FAA8ABB892D6FECD0C2AC379 /* Pods-nfl-mock-draftTests.debug.xcconfig */ = {isa = PBXFileReference; includeInIndex = 1; lastKnownFileType = text.xcconfig; name = "Pods-nfl-mock-draftTests.debug.xcconfig"; path = "Pods/Target Support Files/Pods-nfl-mock-draftTests/Pods-nfl-mock-draftTests.debug.xcconfig"; sourceTree = "<group>"; };
/* End PBXFileReference section */

/* Begin PBXFrameworksBuildPhase section */
		837D61E01E10C11A00284A39 /* Frameworks */ = {
			isa = PBXFrameworksBuildPhase;
			buildActionMask = 2147483647;
			files = (
				A077349DECAC24616E1F02B9 /* Pods_nfl_mock_draft.framework in Frameworks */,
			);
			runOnlyForDeploymentPostprocessing = 0;
		};
		837D61F61E10C11A00284A39 /* Frameworks */ = {
			isa = PBXFrameworksBuildPhase;
			buildActionMask = 2147483647;
			files = (
				004F92D06E56E78E0AB38464 /* Pods_nfl_mock_draftTests.framework in Frameworks */,
			);
			runOnlyForDeploymentPostprocessing = 0;
		};
		837D62011E10C11A00284A39 /* Frameworks */ = {
			isa = PBXFrameworksBuildPhase;
			buildActionMask = 2147483647;
			files = (
				D59B79AD8907479AC545D4CF /* Pods_nfl_mock_draftUITests.framework in Frameworks */,
			);
			runOnlyForDeploymentPostprocessing = 0;
		};
/* End PBXFrameworksBuildPhase section */

/* Begin PBXGroup section */
		837D61DA1E10C11A00284A39 = {
			isa = PBXGroup;
			children = (
				837D62181E10C7B500284A39 /* Podfile */,
				837D61E51E10C11A00284A39 /* nfl-mock-draft */,
				837D61FC1E10C11A00284A39 /* nfl-mock-draftTests */,
				837D62071E10C11A00284A39 /* nfl-mock-draftUITests */,
				837D61E41E10C11A00284A39 /* Products */,
				F6DCE4D78E613BEA6475532C /* Pods */,
				CD18F9A8C12180827CCF8004 /* Frameworks */,
			);
			sourceTree = "<group>";
		};
		837D61E41E10C11A00284A39 /* Products */ = {
			isa = PBXGroup;
			children = (
				837D61E31E10C11A00284A39 /* nfl-mock-draft.app */,
				837D61F91E10C11A00284A39 /* nfl-mock-draftTests.xctest */,
				837D62041E10C11A00284A39 /* nfl-mock-draftUITests.xctest */,
			);
			name = Products;
			sourceTree = "<group>";
		};
		837D61E51E10C11A00284A39 /* nfl-mock-draft */ = {
			isa = PBXGroup;
			children = (
				837D62161E10C46200284A39 /* GoogleService-Info.plist */,
				837D61E61E10C11A00284A39 /* AppDelegate.swift */,
				837D61E81E10C11A00284A39 /* FirstViewController.swift */,
				837D61EA1E10C11A00284A39 /* SecondViewController.swift */,
				837D61EC1E10C11A00284A39 /* Main.storyboard */,
				837D61EF1E10C11A00284A39 /* Assets.xcassets */,
				837D61F11E10C11A00284A39 /* LaunchScreen.storyboard */,
				837D61F41E10C11A00284A39 /* Info.plist */,
			);
			path = "nfl-mock-draft";
			sourceTree = "<group>";
		};
		837D61FC1E10C11A00284A39 /* nfl-mock-draftTests */ = {
			isa = PBXGroup;
			children = (
				837D61FD1E10C11A00284A39 /* nfl_mock_draftTests.swift */,
				837D61FF1E10C11A00284A39 /* Info.plist */,
			);
			path = "nfl-mock-draftTests";
			sourceTree = "<group>";
		};
		837D62071E10C11A00284A39 /* nfl-mock-draftUITests */ = {
			isa = PBXGroup;
			children = (
				837D62081E10C11A00284A39 /* nfl_mock_draftUITests.swift */,
				837D620A1E10C11A00284A39 /* Info.plist */,
			);
			path = "nfl-mock-draftUITests";
			sourceTree = "<group>";
		};
		CD18F9A8C12180827CCF8004 /* Frameworks */ = {
			isa = PBXGroup;
			children = (
				E8D90E0E00329DA8316C38BD /* Pods_nfl_mock_draft.framework */,
				CB954A59A62CECE4B93CE3BC /* Pods_nfl_mock_draftTests.framework */,
				A6394E4DD752C60AEA7DD8B3 /* Pods_nfl_mock_draftUITests.framework */,
			);
			name = Frameworks;
			sourceTree = "<group>";
		};
		F6DCE4D78E613BEA6475532C /* Pods */ = {
			isa = PBXGroup;
			children = (
				512C029DEA0B4E0C5F08DD32 /* Pods-nfl-mock-draft.debug.xcconfig */,
				7BD9D8EA275130A1284CC13E /* Pods-nfl-mock-draft.release.xcconfig */,
				FAA8ABB892D6FECD0C2AC379 /* Pods-nfl-mock-draftTests.debug.xcconfig */,
				B365ACD63C4B8AFF5AAAC4A1 /* Pods-nfl-mock-draftTests.release.xcconfig */,
				47C418F9BD4461CABBBCAF39 /* Pods-nfl-mock-draftUITests.debug.xcconfig */,
				B7BAF779665ECC525309AE3E /* Pods-nfl-mock-draftUITests.release.xcconfig */,
			);
			name = Pods;
			sourceTree = "<group>";
		};
/* End PBXGroup section */

/* Begin PBXNativeTarget section */
		837D61E21E10C11A00284A39 /* nfl-mock-draft */ = {
			isa = PBXNativeTarget;
			buildConfigurationList = 837D620D1E10C11A00284A39 /* Build configuration list for PBXNativeTarget "nfl-mock-draft" */;
			buildPhases = (
				99B6B6544E94DA46FEF4892E /* [CP] Check Pods Manifest.lock */,
				837D61DF1E10C11A00284A39 /* Sources */,
				837D61E01E10C11A00284A39 /* Frameworks */,
				837D61E11E10C11A00284A39 /* Resources */,
				E386A15602E264A6E3DD9413 /* [CP] Embed Pods Frameworks */,
				C21ADDB5A9B419A152E0B5B2 /* [CP] Copy Pods Resources */,
			);
			buildRules = (
			);
			dependencies = (
			);
			name = "nfl-mock-draft";
			productName = "nfl-mock-draft";
			productReference = 837D61E31E10C11A00284A39 /* nfl-mock-draft.app */;
			productType = "com.apple.product-type.application";
		};
		837D61F81E10C11A00284A39 /* nfl-mock-draftTests */ = {
			isa = PBXNativeTarget;
			buildConfigurationList = 837D62101E10C11A00284A39 /* Build configuration list for PBXNativeTarget "nfl-mock-draftTests" */;
			buildPhases = (
				5EEBFBD31BBBD95581AACAFD /* [CP] Check Pods Manifest.lock */,
				837D61F51E10C11A00284A39 /* Sources */,
				837D61F61E10C11A00284A39 /* Frameworks */,
				837D61F71E10C11A00284A39 /* Resources */,
				BA407772E90A8FE5F4485EE7 /* [CP] Embed Pods Frameworks */,
				C436A19296BC53CB3968C85F /* [CP] Copy Pods Resources */,
			);
			buildRules = (
			);
			dependencies = (
				837D61FB1E10C11A00284A39 /* PBXTargetDependency */,
			);
			name = "nfl-mock-draftTests";
			productName = "nfl-mock-draftTests";
			productReference = 837D61F91E10C11A00284A39 /* nfl-mock-draftTests.xctest */;
			productType = "com.apple.product-type.bundle.unit-test";
		};
		837D62031E10C11A00284A39 /* nfl-mock-draftUITests */ = {
			isa = PBXNativeTarget;
			buildConfigurationList = 837D62131E10C11A00284A39 /* Build configuration list for PBXNativeTarget "nfl-mock-draftUITests" */;
			buildPhases = (
				E3D09F1ABE50F192F503CAC4 /* [CP] Check Pods Manifest.lock */,
				837D62001E10C11A00284A39 /* Sources */,
				837D62011E10C11A00284A39 /* Frameworks */,
				837D62021E10C11A00284A39 /* Resources */,
				8FD3BFE09DFF0884B5767E77 /* [CP] Embed Pods Frameworks */,
				B29FDAC36F79D0182CEB39B6 /* [CP] Copy Pods Resources */,
			);
			buildRules = (
			);
			dependencies = (
				837D62061E10C11A00284A39 /* PBXTargetDependency */,
			);
			name = "nfl-mock-draftUITests";
			productName = "nfl-mock-draftUITests";
			productReference = 837D62041E10C11A00284A39 /* nfl-mock-draftUITests.xctest */;
			productType = "com.apple.product-type.bundle.ui-testing";
		};
/* End PBXNativeTarget section */

/* Begin PBXProject section */
		837D61DB1E10C11A00284A39 /* Project object */ = {
			isa = PBXProject;
			attributes = {
				LastSwiftUpdateCheck = 0800;
				LastUpgradeCheck = 0800;
				ORGANIZATIONNAME = "Pintail Consulting LLC";
				TargetAttributes = {
					837D61E21E10C11A00284A39 = {
						CreatedOnToolsVersion = 8.0;
						ProvisioningStyle = Automatic;
					};
					837D61F81E10C11A00284A39 = {
						CreatedOnToolsVersion = 8.0;
						ProvisioningStyle = Automatic;
						TestTargetID = 837D61E21E10C11A00284A39;
					};
					837D62031E10C11A00284A39 = {
						CreatedOnToolsVersion = 8.0;
						ProvisioningStyle = Automatic;
						TestTargetID = 837D61E21E10C11A00284A39;
					};
				};
			};
			buildConfigurationList = 837D61DE1E10C11A00284A39 /* Build configuration list for PBXProject "nfl-mock-draft" */;
			compatibilityVersion = "Xcode 8.0";
			developmentRegion = English;
			hasScannedForEncodings = 0;
			knownRegions = (
				en,
				Base,
			);
			mainGroup = 837D61DA1E10C11A00284A39;
			productRefGroup = 837D61E41E10C11A00284A39 /* Products */;
			projectDirPath = "";
			projectRoot = "";
			targets = (
				837D61E21E10C11A00284A39 /* nfl-mock-draft */,
				837D61F81E10C11A00284A39 /* nfl-mock-draftTests */,
				837D62031E10C11A00284A39 /* nfl-mock-draftUITests */,
			);
		};
/* End PBXProject section */

/* Begin PBXResourcesBuildPhase section */
		837D61E11E10C11A00284A39 /* Resources */ = {
			isa = PBXResourcesBuildPhase;
			buildActionMask = 2147483647;
			files = (
				837D62191E10C7B500284A39 /* Podfile in Resources */,
				837D61F31E10C11A00284A39 /* LaunchScreen.storyboard in Resources */,
				837D62171E10C46200284A39 /* GoogleService-Info.plist in Resources */,
				837D61F01E10C11A00284A39 /* Assets.xcassets in Resources */,
				837D61EE1E10C11A00284A39 /* Main.storyboard in Resources */,
			);
			runOnlyForDeploymentPostprocessing = 0;
		};
		837D61F71E10C11A00284A39 /* Resources */ = {
			isa = PBXResourcesBuildPhase;
			buildActionMask = 2147483647;
			files = (
				83CDADD11E10CA42002EB7B4 /* GoogleService-Info.plist in Resources */,
			);
			runOnlyForDeploymentPostprocessing = 0;
		};
		837D62021E10C11A00284A39 /* Resources */ = {
			isa = PBXResourcesBuildPhase;
			buildActionMask = 2147483647;
			files = (
				83CDADD21E10CA44002EB7B4 /* GoogleService-Info.plist in Resources */,
			);
			runOnlyForDeploymentPostprocessing = 0;
		};
/* End PBXResourcesBuildPhase section */

/* Begin PBXShellScriptBuildPhase section */
		5EEBFBD31BBBD95581AACAFD /* [CP] Check Pods Manifest.lock */ = {
			isa = PBXShellScriptBuildPhase;
			buildActionMask = 2147483647;
			files = (
			);
			inputPaths = (
			);
			name = "[CP] Check Pods Manifest.lock";
			outputPaths = (
			);
			runOnlyForDeploymentPostprocessing = 0;
			shellPath = /bin/sh;
			shellScript = "diff \"${PODS_ROOT}/../Podfile.lock\" \"${PODS_ROOT}/Manifest.lock\" > /dev/null\nif [ $? != 0 ] ; then\n    # print error to STDERR\n    echo \"error: The sandbox is not in sync with the Podfile.lock. Run 'pod install' or update your CocoaPods installation.\" >&2\n    exit 1\nfi\n";
			showEnvVarsInLog = 0;
		};
		8FD3BFE09DFF0884B5767E77 /* [CP] Embed Pods Frameworks */ = {
			isa = PBXShellScriptBuildPhase;
			buildActionMask = 2147483647;
			files = (
			);
			inputPaths = (
			);
			name = "[CP] Embed Pods Frameworks";
			outputPaths = (
			);
			runOnlyForDeploymentPostprocessing = 0;
			shellPath = /bin/sh;
			shellScript = "\"${SRCROOT}/Pods/Target Support Files/Pods-nfl-mock-draftUITests/Pods-nfl-mock-draftUITests-frameworks.sh\"\n";
			showEnvVarsInLog = 0;
		};
		99B6B6544E94DA46FEF4892E /* [CP] Check Pods Manifest.lock */ = {
			isa = PBXShellScriptBuildPhase;
			buildActionMask = 2147483647;
			files = (
			);
			inputPaths = (
			);
			name = "[CP] Check Pods Manifest.lock";
			outputPaths = (
			);
			runOnlyForDeploymentPostprocessing = 0;
			shellPath = /bin/sh;
			shellScript = "diff \"${PODS_ROOT}/../Podfile.lock\" \"${PODS_ROOT}/Manifest.lock\" > /dev/null\nif [ $? != 0 ] ; then\n    # print error to STDERR\n    echo \"error: The sandbox is not in sync with the Podfile.lock. Run 'pod install' or update your CocoaPods installation.\" >&2\n    exit 1\nfi\n";
			showEnvVarsInLog = 0;
		};
		B29FDAC36F79D0182CEB39B6 /* [CP] Copy Pods Resources */ = {
			isa = PBXShellScriptBuildPhase;
			buildActionMask = 2147483647;
			files = (
			);
			inputPaths = (
			);
			name = "[CP] Copy Pods Resources";
			outputPaths = (
			);
			runOnlyForDeploymentPostprocessing = 0;
			shellPath = /bin/sh;
			shellScript = "\"${SRCROOT}/Pods/Target Support Files/Pods-nfl-mock-draftUITests/Pods-nfl-mock-draftUITests-resources.sh\"\n";
			showEnvVarsInLog = 0;
		};
		BA407772E90A8FE5F4485EE7 /* [CP] Embed Pods Frameworks */ = {
			isa = PBXShellScriptBuildPhase;
			buildActionMask = 2147483647;
			files = (
			);
			inputPaths = (
			);
			name = "[CP] Embed Pods Frameworks";
			outputPaths = (
			);
			runOnlyForDeploymentPostprocessing = 0;
			shellPath = /bin/sh;
			shellScript = "\"${SRCROOT}/Pods/Target Support Files/Pods-nfl-mock-draftTests/Pods-nfl-mock-draftTests-frameworks.sh\"\n";
			showEnvVarsInLog = 0;
		};
		C21ADDB5A9B419A152E0B5B2 /* [CP] Copy Pods Resources */ = {
			isa = PBXShellScriptBuildPhase;
			buildActionMask = 2147483647;
			files = (
			);
			inputPaths = (
			);
			name = "[CP] Copy Pods Resources";
			outputPaths = (
			);
			runOnlyForDeploymentPostprocessing = 0;
			shellPath = /bin/sh;
			shellScript = "\"${SRCROOT}/Pods/Target Support Files/Pods-nfl-mock-draft/Pods-nfl-mock-draft-resources.sh\"\n";
			showEnvVarsInLog = 0;
		};
		C436A19296BC53CB3968C85F /* [CP] Copy Pods Resources */ = {
			isa = PBXShellScriptBuildPhase;
			buildActionMask = 2147483647;
			files = (
			);
			inputPaths = (
			);
			name = "[CP] Copy Pods Resources";
			outputPaths = (
			);
			runOnlyForDeploymentPostprocessing = 0;
			shellPath = /bin/sh;
			shellScript = "\"${SRCROOT}/Pods/Target Support Files/Pods-nfl-mock-draftTests/Pods-nfl-mock-draftTests-resources.sh\"\n";
			showEnvVarsInLog = 0;
		};
		E386A15602E264A6E3DD9413 /* [CP] Embed Pods Frameworks */ = {
			isa = PBXShellScriptBuildPhase;
			buildActionMask = 2147483647;
			files = (
			);
			inputPaths = (
			);
			name = "[CP] Embed Pods Frameworks";
			outputPaths = (
			);
			runOnlyForDeploymentPostprocessing = 0;
			shellPath = /bin/sh;
			shellScript = "\"${SRCROOT}/Pods/Target Support Files/Pods-nfl-mock-draft/Pods-nfl-mock-draft-frameworks.sh\"\n";
			showEnvVarsInLog = 0;
		};
		E3D09F1ABE50F192F503CAC4 /* [CP] Check Pods Manifest.lock */ = {
			isa = PBXShellScriptBuildPhase;
			buildActionMask = 2147483647;
			files = (
			);
			inputPaths = (
			);
			name = "[CP] Check Pods Manifest.lock";
			outputPaths = (
			);
			runOnlyForDeploymentPostprocessing = 0;
			shellPath = /bin/sh;
			shellScript = "diff \"${PODS_ROOT}/../Podfile.lock\" \"${PODS_ROOT}/Manifest.lock\" > /dev/null\nif [ $? != 0 ] ; then\n    # print error to STDERR\n    echo \"error: The sandbox is not in sync with the Podfile.lock. Run 'pod install' or update your CocoaPods installation.\" >&2\n    exit 1\nfi\n";
			showEnvVarsInLog = 0;
		};
/* End PBXShellScriptBuildPhase section */

/* Begin PBXSourcesBuildPhase section */
		837D61DF1E10C11A00284A39 /* Sources */ = {
			isa = PBXSourcesBuildPhase;
			buildActionMask = 2147483647;
			files = (
				837D61EB1E10C11A00284A39 /* SecondViewController.swift in Sources */,
				837D61E71E10C11A00284A39 /* AppDelegate.swift in Sources */,
				837D61E91E10C11A00284A39 /* FirstViewController.swift in Sources */,
			);
			runOnlyForDeploymentPostprocessing = 0;
		};
		837D61F51E10C11A00284A39 /* Sources */ = {
			isa = PBXSourcesBuildPhase;
			buildActionMask = 2147483647;
			files = (
				837D61FE1E10C11A00284A39 /* nfl_mock_draftTests.swift in Sources */,
			);
			runOnlyForDeploymentPostprocessing = 0;
		};
		837D62001E10C11A00284A39 /* Sources */ = {
			isa = PBXSourcesBuildPhase;
			buildActionMask = 2147483647;
			files = (
				837D62091E10C11A00284A39 /* nfl_mock_draftUITests.swift in Sources */,
			);
			runOnlyForDeploymentPostprocessing = 0;
		};
/* End PBXSourcesBuildPhase section */

/* Begin PBXTargetDependency section */
		837D61FB1E10C11A00284A39 /* PBXTargetDependency */ = {
			isa = PBXTargetDependency;
			target = 837D61E21E10C11A00284A39 /* nfl-mock-draft */;
			targetProxy = 837D61FA1E10C11A00284A39 /* PBXContainerItemProxy */;
		};
		837D62061E10C11A00284A39 /* PBXTargetDependency */ = {
			isa = PBXTargetDependency;
			target = 837D61E21E10C11A00284A39 /* nfl-mock-draft */;
			targetProxy = 837D62051E10C11A00284A39 /* PBXContainerItemProxy */;
		};
/* End PBXTargetDependency section */

/* Begin PBXVariantGroup section */
		837D61EC1E10C11A00284A39 /* Main.storyboard */ = {
			isa = PBXVariantGroup;
			children = (
				837D61ED1E10C11A00284A39 /* Base */,
			);
			name = Main.storyboard;
			sourceTree = "<group>";
		};
		837D61F11E10C11A00284A39 /* LaunchScreen.storyboard */ = {
			isa = PBXVariantGroup;
			children = (
				837D61F21E10C11A00284A39 /* Base */,
			);
			name = LaunchScreen.storyboard;
			sourceTree = "<group>";
		};
/* End PBXVariantGroup section */

/* Begin XCBuildConfiguration section */
		837D620B1E10C11A00284A39 /* Debug */ = {
			isa = XCBuildConfiguration;
			buildSettings = {
				ALWAYS_SEARCH_USER_PATHS = NO;
				CLANG_ANALYZER_NONNULL = YES;
				CLANG_CXX_LANGUAGE_STANDARD = "gnu++0x";
				CLANG_CXX_LIBRARY = "libc++";
				CLANG_ENABLE_MODULES = YES;
				CLANG_ENABLE_OBJC_ARC = YES;
				CLANG_WARN_BOOL_CONVERSION = YES;
				CLANG_WARN_CONSTANT_CONVERSION = YES;
				CLANG_WARN_DIRECT_OBJC_ISA_USAGE = YES_ERROR;
				CLANG_WARN_DOCUMENTATION_COMMENTS = YES;
				CLANG_WARN_EMPTY_BODY = YES;
				CLANG_WARN_ENUM_CONVERSION = YES;
				CLANG_WARN_INFINITE_RECURSION = YES;
				CLANG_WARN_INT_CONVERSION = YES;
				CLANG_WARN_OBJC_ROOT_CLASS = YES_ERROR;
				CLANG_WARN_SUSPICIOUS_MOVES = YES;
				CLANG_WARN_UNREACHABLE_CODE = YES;
				CLANG_WARN__DUPLICATE_METHOD_MATCH = YES;
				"CODE_SIGN_IDENTITY[sdk=iphoneos*]" = "iPhone Developer";
				COPY_PHASE_STRIP = NO;
				DEBUG_INFORMATION_FORMAT = dwarf;
				ENABLE_STRICT_OBJC_MSGSEND = YES;
				ENABLE_TESTABILITY = YES;
				GCC_C_LANGUAGE_STANDARD = gnu99;
				GCC_DYNAMIC_NO_PIC = NO;
				GCC_NO_COMMON_BLOCKS = YES;
				GCC_OPTIMIZATION_LEVEL = 0;
				GCC_PREPROCESSOR_DEFINITIONS = (
					"DEBUG=1",
					"$(inherited)",
				);
				GCC_WARN_64_TO_32_BIT_CONVERSION = YES;
				GCC_WARN_ABOUT_RETURN_TYPE = YES_ERROR;
				GCC_WARN_UNDECLARED_SELECTOR = YES;
				GCC_WARN_UNINITIALIZED_AUTOS = YES_AGGRESSIVE;
				GCC_WARN_UNUSED_FUNCTION = YES;
				GCC_WARN_UNUSED_VARIABLE = YES;
				IPHONEOS_DEPLOYMENT_TARGET = 10.0;
				MTL_ENABLE_DEBUG_INFO = YES;
				ONLY_ACTIVE_ARCH = YES;
				SDKROOT = iphoneos;
				SWIFT_ACTIVE_COMPILATION_CONDITIONS = DEBUG;
				SWIFT_OPTIMIZATION_LEVEL = "-Onone";
				TARGETED_DEVICE_FAMILY = "1,2";
			};
			name = Debug;
		};
		837D620C1E10C11A00284A39 /* Release */ = {
			isa = XCBuildConfiguration;
			buildSettings = {
				ALWAYS_SEARCH_USER_PATHS = NO;
				CLANG_ANALYZER_NONNULL = YES;
				CLANG_CXX_LANGUAGE_STANDARD = "gnu++0x";
				CLANG_CXX_LIBRARY = "libc++";
				CLANG_ENABLE_MODULES = YES;
				CLANG_ENABLE_OBJC_ARC = YES;
				CLANG_WARN_BOOL_CONVERSION = YES;
				CLANG_WARN_CONSTANT_CONVERSION = YES;
				CLANG_WARN_DIRECT_OBJC_ISA_USAGE = YES_ERROR;
				CLANG_WARN_DOCUMENTATION_COMMENTS = YES;
				CLANG_WARN_EMPTY_BODY = YES;
				CLANG_WARN_ENUM_CONVERSION = YES;
				CLANG_WARN_INFINITE_RECURSION = YES;
				CLANG_WARN_INT_CONVERSION = YES;
				CLANG_WARN_OBJC_ROOT_CLASS = YES_ERROR;
				CLANG_WARN_SUSPICIOUS_MOVES = YES;
				CLANG_WARN_UNREACHABLE_CODE = YES;
				CLANG_WARN__DUPLICATE_METHOD_MATCH = YES;
				"CODE_SIGN_IDENTITY[sdk=iphoneos*]" = "iPhone Developer";
				COPY_PHASE_STRIP = NO;
				DEBUG_INFORMATION_FORMAT = "dwarf-with-dsym";
				ENABLE_NS_ASSERTIONS = NO;
				ENABLE_STRICT_OBJC_MSGSEND = YES;
				GCC_C_LANGUAGE_STANDARD = gnu99;
				GCC_NO_COMMON_BLOCKS = YES;
				GCC_WARN_64_TO_32_BIT_CONVERSION = YES;
				GCC_WARN_ABOUT_RETURN_TYPE = YES_ERROR;
				GCC_WARN_UNDECLARED_SELECTOR = YES;
				GCC_WARN_UNINITIALIZED_AUTOS = YES_AGGRESSIVE;
				GCC_WARN_UNUSED_FUNCTION = YES;
				GCC_WARN_UNUSED_VARIABLE = YES;
				IPHONEOS_DEPLOYMENT_TARGET = 10.0;
				MTL_ENABLE_DEBUG_INFO = NO;
				SDKROOT = iphoneos;
				SWIFT_OPTIMIZATION_LEVEL = "-Owholemodule";
				TARGETED_DEVICE_FAMILY = "1,2";
				VALIDATE_PRODUCT = YES;
			};
			name = Release;
		};
		837D620E1E10C11A00284A39 /* Debug */ = {
			isa = XCBuildConfiguration;
			baseConfigurationReference = 512C029DEA0B4E0C5F08DD32 /* Pods-nfl-mock-draft.debug.xcconfig */;
			buildSettings = {
				ASSETCATALOG_COMPILER_APPICON_NAME = AppIcon;
				INFOPLIST_FILE = "nfl-mock-draft/Info.plist";
				LD_RUNPATH_SEARCH_PATHS = "$(inherited) @executable_path/Frameworks";
				PRODUCT_BUNDLE_IDENTIFIER = "com.pintailconsultingllc.nfl-mock-draft";
				PRODUCT_NAME = "$(TARGET_NAME)";
				SWIFT_VERSION = 3.0;
			};
			name = Debug;
		};
		837D620F1E10C11A00284A39 /* Release */ = {
			isa = XCBuildConfiguration;
			baseConfigurationReference = 7BD9D8EA275130A1284CC13E /* Pods-nfl-mock-draft.release.xcconfig */;
			buildSettings = {
				ASSETCATALOG_COMPILER_APPICON_NAME = AppIcon;
				INFOPLIST_FILE = "nfl-mock-draft/Info.plist";
				LD_RUNPATH_SEARCH_PATHS = "$(inherited) @executable_path/Frameworks";
				PRODUCT_BUNDLE_IDENTIFIER = "com.pintailconsultingllc.nfl-mock-draft";
				PRODUCT_NAME = "$(TARGET_NAME)";
				SWIFT_VERSION = 3.0;
			};
			name = Release;
		};
		837D62111E10C11A00284A39 /* Debug */ = {
			isa = XCBuildConfiguration;
			baseConfigurationReference = FAA8ABB892D6FECD0C2AC379 /* Pods-nfl-mock-draftTests.debug.xcconfig */;
			buildSettings = {
				ALWAYS_EMBED_SWIFT_STANDARD_LIBRARIES = YES;
				BUNDLE_LOADER = "$(TEST_HOST)";
				INFOPLIST_FILE = "nfl-mock-draftTests/Info.plist";
				LD_RUNPATH_SEARCH_PATHS = "$(inherited) @executable_path/Frameworks @loader_path/Frameworks";
				PRODUCT_BUNDLE_IDENTIFIER = "com.pintailconsultingllc.nfl-mock-draftTests";
				PRODUCT_NAME = "$(TARGET_NAME)";
				SWIFT_VERSION = 3.0;
				TEST_HOST = "$(BUILT_PRODUCTS_DIR)/nfl-mock-draft.app/nfl-mock-draft";
			};
			name = Debug;
		};
		837D62121E10C11A00284A39 /* Release */ = {
			isa = XCBuildConfiguration;
			baseConfigurationReference = B365ACD63C4B8AFF5AAAC4A1 /* Pods-nfl-mock-draftTests.release.xcconfig */;
			buildSettings = {
				ALWAYS_EMBED_SWIFT_STANDARD_LIBRARIES = YES;
				BUNDLE_LOADER = "$(TEST_HOST)";
				INFOPLIST_FILE = "nfl-mock-draftTests/Info.plist";
				LD_RUNPATH_SEARCH_PATHS = "$(inherited) @executable_path/Frameworks @loader_path/Frameworks";
				PRODUCT_BUNDLE_IDENTIFIER = "com.pintailconsultingllc.nfl-mock-draftTests";
				PRODUCT_NAME = "$(TARGET_NAME)";
				SWIFT_VERSION = 3.0;
				TEST_HOST = "$(BUILT_PRODUCTS_DIR)/nfl-mock-draft.app/nfl-mock-draft";
			};
			name = Release;
		};
		837D62141E10C11A00284A39 /* Debug */ = {
			isa = XCBuildConfiguration;
			baseConfigurationReference = 47C418F9BD4461CABBBCAF39 /* Pods-nfl-mock-draftUITests.debug.xcconfig */;
			buildSettings = {
				ALWAYS_EMBED_SWIFT_STANDARD_LIBRARIES = YES;
				INFOPLIST_FILE = "nfl-mock-draftUITests/Info.plist";
				LD_RUNPATH_SEARCH_PATHS = "$(inherited) @executable_path/Frameworks @loader_path/Frameworks";
				PRODUCT_BUNDLE_IDENTIFIER = "com.pintailconsultingllc.nfl-mock-draftUITests";
				PRODUCT_NAME = "$(TARGET_NAME)";
				SWIFT_VERSION = 3.0;
				TEST_TARGET_NAME = "nfl-mock-draft";
			};
			name = Debug;
		};
		837D62151E10C11A00284A39 /* Release */ = {
			isa = XCBuildConfiguration;
			baseConfigurationReference = B7BAF779665ECC525309AE3E /* Pods-nfl-mock-draftUITests.release.xcconfig */;
			buildSettings = {
				ALWAYS_EMBED_SWIFT_STANDARD_LIBRARIES = YES;
				INFOPLIST_FILE = "nfl-mock-draftUITests/Info.plist";
				LD_RUNPATH_SEARCH_PATHS = "$(inherited) @executable_path/Frameworks @loader_path/Frameworks";
				PRODUCT_BUNDLE_IDENTIFIER = "com.pintailconsultingllc.nfl-mock-draftUITests";
				PRODUCT_NAME = "$(TARGET_NAME)";
				SWIFT_VERSION = 3.0;
				TEST_TARGET_NAME = "nfl-mock-draft";
			};
			name = Release;
		};
/* End XCBuildConfiguration section */

/* Begin XCConfigurationList section */
		837D61DE1E10C11A00284A39 /* Build configuration list for PBXProject "nfl-mock-draft" */ = {
			isa = XCConfigurationList;
			buildConfigurations = (
				837D620B1E10C11A00284A39 /* Debug */,
				837D620C1E10C11A00284A39 /* Release */,
			);
			defaultConfigurationIsVisible = 0;
			defaultConfigurationName = Release;
		};
		837D620D1E10C11A00284A39 /* Build configuration list for PBXNativeTarget "nfl-mock-draft" */ = {
			isa = XCConfigurationList;
			buildConfigurations = (
				837D620E1E10C11A00284A39 /* Debug */,
				837D620F1E10C11A00284A39 /* Release */,
			);
			defaultConfigurationIsVisible = 0;
			defaultConfigurationName = Release;
		};
		837D62101E10C11A00284A39 /* Build configuration list for PBXNativeTarget "nfl-mock-draftTests" */ = {
			isa = XCConfigurationList;
			buildConfigurations = (
				837D62111E10C11A00284A39 /* Debug */,
				837D62121E10C11A00284A39 /* Release */,
			);
			defaultConfigurationIsVisible = 0;
			defaultConfigurationName = Release;
		};
		837D62131E10C11A00284A39 /* Build configuration list for PBXNativeTarget "nfl-mock-draftUITests" */ = {
			isa = XCConfigurationList;
			buildConfigurations = (
				837D62141E10C11A00284A39 /* Debug */,
				837D62151E10C11A00284A39 /* Release */,
			);
			defaultConfigurationIsVisible = 0;
			defaultConfigurationName = Release;
		};
/* End XCConfigurationList section */
	};
	rootObject = 837D61DB1E10C11A00284A39 /* Project object */;
}
